// !$*UTF8*$!
{
	archiveVersion = 1;
	classes = {
	};
	objectVersion = 46;
	objects = {

/* Begin PBXBuildFile section */
		2D1837AB1C0195C8007627F0 /* CustomTabbar.m in Sources */ = {isa = PBXBuildFile; fileRef = 2D1837AA1C0195C8007627F0 /* CustomTabbar.m */; };
		2D6313A91C017E4B0049942E /* main.m in Sources */ = {isa = PBXBuildFile; fileRef = 2D6313A81C017E4B0049942E /* main.m */; };
		2D6313AC1C017E4B0049942E /* AppDelegate.m in Sources */ = {isa = PBXBuildFile; fileRef = 2D6313AB1C017E4B0049942E /* AppDelegate.m */; };
		2D6313B21C017E4B0049942E /* Main.storyboard in Resources */ = {isa = PBXBuildFile; fileRef = 2D6313B01C017E4B0049942E /* Main.storyboard */; };
		2D6313B41C017E4B0049942E /* Assets.xcassets in Resources */ = {isa = PBXBuildFile; fileRef = 2D6313B31C017E4B0049942E /* Assets.xcassets */; };
		2D6313BF1C017FDD0049942E /* LaunchScreen.xib in Resources */ = {isa = PBXBuildFile; fileRef = 2D6313BE1C017FDD0049942E /* LaunchScreen.xib */; };
		486733C3A624421538E4AB34 /* Pods_iOSDeveloperTraining.framework in Frameworks */ = {isa = PBXBuildFile; fileRef = 38326F6F2CE0F8D035A484CB /* Pods_iOSDeveloperTraining.framework */; };
/* End PBXBuildFile section */

/* Begin PBXFileReference section */
		1B15A283958628343F19A0C2 /* Pods-iOSDeveloperTraining.debug.xcconfig */ = {isa = PBXFileReference; includeInIndex = 1; lastKnownFileType = text.xcconfig; name = "Pods-iOSDeveloperTraining.debug.xcconfig"; path = "Pods/Target Support Files/Pods-iOSDeveloperTraining/Pods-iOSDeveloperTraining.debug.xcconfig"; sourceTree = "<group>"; };
		2D1837A91C0195C8007627F0 /* CustomTabbar.h */ = {isa = PBXFileReference; fileEncoding = 4; lastKnownFileType = sourcecode.c.h; path = CustomTabbar.h; sourceTree = "<group>"; };
		2D1837AA1C0195C8007627F0 /* CustomTabbar.m */ = {isa = PBXFileReference; fileEncoding = 4; lastKnownFileType = sourcecode.c.objc; path = CustomTabbar.m; sourceTree = "<group>"; };
		2D6313A41C017E4B0049942E /* iOSDeveloperTraining.app */ = {isa = PBXFileReference; explicitFileType = wrapper.application; includeInIndex = 0; path = iOSDeveloperTraining.app; sourceTree = BUILT_PRODUCTS_DIR; };
		2D6313A81C017E4B0049942E /* main.m */ = {isa = PBXFileReference; lastKnownFileType = sourcecode.c.objc; path = main.m; sourceTree = "<group>"; };
		2D6313AA1C017E4B0049942E /* AppDelegate.h */ = {isa = PBXFileReference; lastKnownFileType = sourcecode.c.h; path = AppDelegate.h; sourceTree = "<group>"; };
		2D6313AB1C017E4B0049942E /* AppDelegate.m */ = {isa = PBXFileReference; lastKnownFileType = sourcecode.c.objc; path = AppDelegate.m; sourceTree = "<group>"; };
		2D6313B11C017E4B0049942E /* Base */ = {isa = PBXFileReference; lastKnownFileType = file.storyboard; name = Base; path = Base.lproj/Main.storyboard; sourceTree = "<group>"; };
		2D6313B31C017E4B0049942E /* Assets.xcassets */ = {isa = PBXFileReference; lastKnownFileType = folder.assetcatalog; path = Assets.xcassets; sourceTree = "<group>"; };
		2D6313B81C017E4B0049942E /* Info.plist */ = {isa = PBXFileReference; lastKnownFileType = text.plist.xml; path = Info.plist; sourceTree = "<group>"; };
		2D6313BE1C017FDD0049942E /* LaunchScreen.xib */ = {isa = PBXFileReference; fileEncoding = 4; lastKnownFileType = file.xib; path = LaunchScreen.xib; sourceTree = "<group>"; };
		38326F6F2CE0F8D035A484CB /* Pods_iOSDeveloperTraining.framework */ = {isa = PBXFileReference; explicitFileType = wrapper.framework; includeInIndex = 0; path = Pods_iOSDeveloperTraining.framework; sourceTree = BUILT_PRODUCTS_DIR; };
		64A79219F20F7182401FB014 /* Pods-iOSDeveloperTraining.release.xcconfig */ = {isa = PBXFileReference; includeInIndex = 1; lastKnownFileType = text.xcconfig; name = "Pods-iOSDeveloperTraining.release.xcconfig"; path = "Pods/Target Support Files/Pods-iOSDeveloperTraining/Pods-iOSDeveloperTraining.release.xcconfig"; sourceTree = "<group>"; };
/* End PBXFileReference section */

/* Begin PBXFrameworksBuildPhase section */
		2D6313A11C017E4B0049942E /* Frameworks */ = {
			isa = PBXFrameworksBuildPhase;
			buildActionMask = 2147483647;
			files = (
				486733C3A624421538E4AB34 /* Pods_iOSDeveloperTraining.framework in Frameworks */,
			);
			runOnlyForDeploymentPostprocessing = 0;
		};
/* End PBXFrameworksBuildPhase section */

/* Begin PBXGroup section */
		22AB31435779D1421E7DC942 /* Pods */ = {
			isa = PBXGroup;
			children = (
				1B15A283958628343F19A0C2 /* Pods-iOSDeveloperTraining.debug.xcconfig */,
				64A79219F20F7182401FB014 /* Pods-iOSDeveloperTraining.release.xcconfig */,
			);
			name = Pods;
			sourceTree = "<group>";
		};
		2D1837A81C019533007627F0 /* Views */ = {
			isa = PBXGroup;
			children = (
				2D6313BE1C017FDD0049942E /* LaunchScreen.xib */,
				2D1837A91C0195C8007627F0 /* CustomTabbar.h */,
				2D1837AA1C0195C8007627F0 /* CustomTabbar.m */,
			);
			name = Views;
			sourceTree = "<group>";
		};
		2D63139B1C017E4B0049942E = {
			isa = PBXGroup;
			children = (
				2D6313A61C017E4B0049942E /* iOSDeveloperTraining */,
				2D6313A51C017E4B0049942E /* Products */,
				22AB31435779D1421E7DC942 /* Pods */,
				731FAEE26C619B3B63F97CA8 /* Frameworks */,
			);
			sourceTree = "<group>";
		};
		2D6313A51C017E4B0049942E /* Products */ = {
			isa = PBXGroup;
			children = (
				2D6313A41C017E4B0049942E /* iOSDeveloperTraining.app */,
			);
			name = Products;
			sourceTree = "<group>";
		};
		2D6313A61C017E4B0049942E /* iOSDeveloperTraining */ = {
			isa = PBXGroup;
			children = (
				2D1837A81C019533007627F0 /* Views */,
				2D6313AA1C017E4B0049942E /* AppDelegate.h */,
				2D6313AB1C017E4B0049942E /* AppDelegate.m */,
				2D6313B01C017E4B0049942E /* Main.storyboard */,
				2D6313B31C017E4B0049942E /* Assets.xcassets */,
				2D6313A71C017E4B0049942E /* Supporting Files */,
			);
			path = iOSDeveloperTraining;
			sourceTree = "<group>";
		};
		2D6313A71C017E4B0049942E /* Supporting Files */ = {
			isa = PBXGroup;
			children = (
				2D6313B81C017E4B0049942E /* Info.plist */,
				2D6313A81C017E4B0049942E /* main.m */,
			);
			name = "Supporting Files";
			sourceTree = "<group>";
		};
		731FAEE26C619B3B63F97CA8 /* Frameworks */ = {
			isa = PBXGroup;
			children = (
				38326F6F2CE0F8D035A484CB /* Pods_iOSDeveloperTraining.framework */,
			);
			name = Frameworks;
			sourceTree = "<group>";
		};
/* End PBXGroup section */

/* Begin PBXNativeTarget section */
		2D6313A31C017E4B0049942E /* iOSDeveloperTraining */ = {
			isa = PBXNativeTarget;
			buildConfigurationList = 2D6313BB1C017E4B0049942E /* Build configuration list for PBXNativeTarget "iOSDeveloperTraining" */;
			buildPhases = (
				A2BCD67D4E360AA1CCFB06DE /* Check Pods Manifest.lock */,
				2D6313A01C017E4B0049942E /* Sources */,
				2D6313A11C017E4B0049942E /* Frameworks */,
				2D6313A21C017E4B0049942E /* Resources */,
				02E6E0D34ACF1524166B9270 /* Embed Pods Frameworks */,
				AB996E4B590F3E31200889AD /* Copy Pods Resources */,
			);
			buildRules = (
			);
			dependencies = (
			);
			name = iOSDeveloperTraining;
			productName = iOSDeveloperTraining;
			productReference = 2D6313A41C017E4B0049942E /* iOSDeveloperTraining.app */;
			productType = "com.apple.product-type.application";
		};
/* End PBXNativeTarget section */

/* Begin PBXProject section */
		2D63139C1C017E4B0049942E /* Project object */ = {
			isa = PBXProject;
			attributes = {
				LastUpgradeCheck = 0710;
				ORGANIZATIONNAME = wangbo;
				TargetAttributes = {
					2D6313A31C017E4B0049942E = {
						CreatedOnToolsVersion = 7.1.1;
						DevelopmentTeam = YBP8B42MT7;
					};
				};
			};
			buildConfigurationList = 2D63139F1C017E4B0049942E /* Build configuration list for PBXProject "iOSDeveloperTraining" */;
			compatibilityVersion = "Xcode 3.2";
			developmentRegion = English;
			hasScannedForEncodings = 0;
			knownRegions = (
				en,
				Base,
			);
			mainGroup = 2D63139B1C017E4B0049942E;
			productRefGroup = 2D6313A51C017E4B0049942E /* Products */;
			projectDirPath = "";
			projectRoot = "";
			targets = (
				2D6313A31C017E4B0049942E /* iOSDeveloperTraining */,
			);
		};
/* End PBXProject section */

/* Begin PBXResourcesBuildPhase section */
		2D6313A21C017E4B0049942E /* Resources */ = {
			isa = PBXResourcesBuildPhase;
			buildActionMask = 2147483647;
			files = (
				2D6313B41C017E4B0049942E /* Assets.xcassets in Resources */,
				2D6313BF1C017FDD0049942E /* LaunchScreen.xib in Resources */,
				2D6313B21C017E4B0049942E /* Main.storyboard in Resources */,
			);
			runOnlyForDeploymentPostprocessing = 0;
		};
/* End PBXResourcesBuildPhase section */

/* Begin PBXShellScriptBuildPhase section */
		02E6E0D34ACF1524166B9270 /* Embed Pods Frameworks */ = {
			isa = PBXShellScriptBuildPhase;
			buildActionMask = 2147483647;
			files = (
			);
			inputPaths = (
			);
			name = "Embed Pods Frameworks";
			outputPaths = (
			);
			runOnlyForDeploymentPostprocessing = 0;
			shellPath = /bin/sh;
			shellScript = "\"${SRCROOT}/Pods/Target Support Files/Pods-iOSDeveloperTraining/Pods-iOSDeveloperTraining-frameworks.sh\"\n";
			showEnvVarsInLog = 0;
		};
		A2BCD67D4E360AA1CCFB06DE /* Check Pods Manifest.lock */ = {
			isa = PBXShellScriptBuildPhase;
			buildActionMask = 2147483647;
			files = (
			);
			inputPaths = (
			);
			name = "Check Pods Manifest.lock";
			outputPaths = (
			);
			runOnlyForDeploymentPostprocessing = 0;
			shellPath = /bin/sh;
			shellScript = "diff \"${PODS_ROOT}/../Podfile.lock\" \"${PODS_ROOT}/Manifest.lock\" > /dev/null\nif [[ $? != 0 ]] ; then\n    cat << EOM\nerror: The sandbox is not in sync with the Podfile.lock. Run 'pod install' or update your CocoaPods installation.\nEOM\n    exit 1\nfi\n";
			showEnvVarsInLog = 0;
		};
		AB996E4B590F3E31200889AD /* Copy Pods Resources */ = {
			isa = PBXShellScriptBuildPhase;
			buildActionMask = 2147483647;
			files = (
			);
			inputPaths = (
			);
			name = "Copy Pods Resources";
			outputPaths = (
			);
			runOnlyForDeploymentPostprocessing = 0;
			shellPath = /bin/sh;
			shellScript = "\"${SRCROOT}/Pods/Target Support Files/Pods-iOSDeveloperTraining/Pods-iOSDeveloperTraining-resources.sh\"\n";
			showEnvVarsInLog = 0;
		};
/* End PBXShellScriptBuildPhase section */

/* Begin PBXSourcesBuildPhase section */
		2D6313A01C017E4B0049942E /* Sources */ = {
			isa = PBXSourcesBuildPhase;
			buildActionMask = 2147483647;
			files = (
				2D1837AB1C0195C8007627F0 /* CustomTabbar.m in Sources */,
				2D6313AC1C017E4B0049942E /* AppDelegate.m in Sources */,
				2D6313A91C017E4B0049942E /* main.m in Sources */,
			);
			runOnlyForDeploymentPostprocessing = 0;
		};
/* End PBXSourcesBuildPhase section */

/* Begin PBXVariantGroup section */
		2D6313B01C017E4B0049942E /* Main.storyboard */ = {
			isa = PBXVariantGroup;
			children = (
				2D6313B11C017E4B0049942E /* Base */,
			);
			name = Main.storyboard;
			sourceTree = "<group>";
		};
/* End PBXVariantGroup section */

/* Begin XCBuildConfiguration section */
		2D6313B91C017E4B0049942E /* Debug */ = {
			isa = XCBuildConfiguration;
			buildSettings = {
				ALWAYS_SEARCH_USER_PATHS = NO;
				CLANG_CXX_LANGUAGE_STANDARD = "gnu++0x";
				CLANG_CXX_LIBRARY = "libc++";
				CLANG_ENABLE_MODULES = YES;
				CLANG_ENABLE_OBJC_ARC = YES;
				CLANG_WARN_BOOL_CONVERSION = YES;
				CLANG_WARN_CONSTANT_CONVERSION = YES;
				CLANG_WARN_DIRECT_OBJC_ISA_USAGE = YES_ERROR;
				CLANG_WARN_EMPTY_BODY = YES;
				CLANG_WARN_ENUM_CONVERSION = YES;
				CLANG_WARN_INT_CONVERSION = YES;
				CLANG_WARN_OBJC_ROOT_CLASS = YES_ERROR;
				CLANG_WARN_UNREACHABLE_CODE = YES;
				CLANG_WARN__DUPLICATE_METHOD_MATCH = YES;
				"CODE_SIGN_IDENTITY[sdk=iphoneos*]" = "iPhone Developer";
				COPY_PHASE_STRIP = NO;
				DEBUG_INFORMATION_FORMAT = dwarf;
				ENABLE_STRICT_OBJC_MSGSEND = YES;
				ENABLE_TESTABILITY = YES;
				GCC_C_LANGUAGE_STANDARD = gnu99;
				GCC_DYNAMIC_NO_PIC = NO;
				GCC_NO_COMMON_BLOCKS = YES;
				GCC_OPTIMIZATION_LEVEL = 0;
				GCC_PREPROCESSOR_DEFINITIONS = (
					"DEBUG=1",
					"$(inherited)",
				);
				GCC_WARN_64_TO_32_BIT_CONVERSION = YES;
				GCC_WARN_ABOUT_RETURN_TYPE = YES_ERROR;
				GCC_WARN_UNDECLARED_SELECTOR = YES;
				GCC_WARN_UNINITIALIZED_AUTOS = YES_AGGRESSIVE;
				GCC_WARN_UNUSED_FUNCTION = YES;
				GCC_WARN_UNUSED_VARIABLE = YES;
				IPHONEOS_DEPLOYMENT_TARGET = 8.0;
				MTL_ENABLE_DEBUG_INFO = YES;
				ONLY_ACTIVE_ARCH = YES;
				SDKROOT = iphoneos;
			};
			name = Debug;
		};
		2D6313BA1C017E4B0049942E /* Release */ = {
			isa = XCBuildConfiguration;
			buildSettings = {
				ALWAYS_SEARCH_USER_PATHS = NO;
				CLANG_CXX_LANGUAGE_STANDARD = "gnu++0x";
				CLANG_CXX_LIBRARY = "libc++";
				CLANG_ENABLE_MODULES = YES;
				CLANG_ENABLE_OBJC_ARC = YES;
				CLANG_WARN_BOOL_CONVERSION = YES;
				CLANG_WARN_CONSTANT_CONVERSION = YES;
				CLANG_WARN_DIRECT_OBJC_ISA_USAGE = YES_ERROR;
				CLANG_WARN_EMPTY_BODY = YES;
				CLANG_WARN_ENUM_CONVERSION = YES;
				CLANG_WARN_INT_CONVERSION = YES;
				CLANG_WARN_OBJC_ROOT_CLASS = YES_ERROR;
				CLANG_WARN_UNREACHABLE_CODE = YES;
				CLANG_WARN__DUPLICATE_METHOD_MATCH = YES;
				"CODE_SIGN_IDENTITY[sdk=iphoneos*]" = "iPhone Developer";
				COPY_PHASE_STRIP = NO;
				DEBUG_INFORMATION_FORMAT = "dwarf-with-dsym";
				ENABLE_NS_ASSERTIONS = NO;
				ENABLE_STRICT_OBJC_MSGSEND = YES;
				GCC_C_LANGUAGE_STANDARD = gnu99;
				GCC_NO_COMMON_BLOCKS = YES;
				GCC_WARN_64_TO_32_BIT_CONVERSION = YES;
				GCC_WARN_ABOUT_RETURN_TYPE = YES_ERROR;
				GCC_WARN_UNDECLARED_SELECTOR = YES;
				GCC_WARN_UNINITIALIZED_AUTOS = YES_AGGRESSIVE;
				GCC_WARN_UNUSED_FUNCTION = YES;
				GCC_WARN_UNUSED_VARIABLE = YES;
				IPHONEOS_DEPLOYMENT_TARGET = 8.0;
				MTL_ENABLE_DEBUG_INFO = NO;
				SDKROOT = iphoneos;
				VALIDATE_PRODUCT = YES;
			};
			name = Release;
		};
		2D6313BC1C017E4B0049942E /* Debug */ = {
			isa = XCBuildConfiguration;
			baseConfigurationReference = 1B15A283958628343F19A0C2 /* Pods-iOSDeveloperTraining.debug.xcconfig */;
			buildSettings = {
				ASSETCATALOG_COMPILER_APPICON_NAME = AppIcon;
				CODE_SIGN_IDENTITY = "iPhone Developer";
				INFOPLIST_FILE = iOSDeveloperTraining/Info.plist;
				IPHONEOS_DEPLOYMENT_TARGET = 8.0;
				LD_RUNPATH_SEARCH_PATHS = "$(inherited) @executable_path/Frameworks";
				PRODUCT_BUNDLE_IDENTIFIER = com.swkits.iOSDeveloperTraining;
				PRODUCT_NAME = "$(TARGET_NAME)";
				USER_HEADER_SEARCH_PATHS = "$(SRCROOT)/**";
			};
			name = Debug;
		};
		2D6313BD1C017E4B0049942E /* Release */ = {
			isa = XCBuildConfiguration;
			baseConfigurationReference = 64A79219F20F7182401FB014 /* Pods-iOSDeveloperTraining.release.xcconfig */;
			buildSettings = {
				ASSETCATALOG_COMPILER_APPICON_NAME = AppIcon;
				CODE_SIGN_IDENTITY = "iPhone Developer";
				INFOPLIST_FILE = iOSDeveloperTraining/Info.plist;
				IPHONEOS_DEPLOYMENT_TARGET = 8.0;
				LD_RUNPATH_SEARCH_PATHS = "$(inherited) @executable_path/Frameworks";
				PRODUCT_BUNDLE_IDENTIFIER = com.swkits.iOSDeveloperTraining;
				PRODUCT_NAME = "$(TARGET_NAME)";
				USER_HEADER_SEARCH_PATHS = "$(SRCROOT)/**";
			};
			name = Release;
		};
/* End XCBuildConfiguration section */

/* Begin XCConfigurationList section */
		2D63139F1C017E4B0049942E /* Build configuration list for PBXProject "iOSDeveloperTraining" */ = {
			isa = XCConfigurationList;
			buildConfigurations = (
				2D6313B91C017E4B0049942E /* Debug */,
				2D6313BA1C017E4B0049942E /* Release */,
			);
			defaultConfigurationIsVisible = 0;
			defaultConfigurationName = Release;
		};
		2D6313BB1C017E4B0049942E /* Build configuration list for PBXNativeTarget "iOSDeveloperTraining" */ = {
			isa = XCConfigurationList;
			buildConfigurations = (
				2D6313BC1C017E4B0049942E /* Debug */,
				2D6313BD1C017E4B0049942E /* Release */,
			);
			defaultConfigurationIsVisible = 0;
			defaultConfigurationName = Release;
		};
/* End XCConfigurationList section */
	};
	rootObject = 2D63139C1C017E4B0049942E /* Project object */;
}
