// !$*UTF8*$!
{
	archiveVersion = 1;
	classes = {
	};
	objectVersion = 46;
	objects = {

/* Begin PBXBuildFile section */
		2D1837AB1C0195C8007627F0 /* CustomTabbar.m in Sources */ = {isa = PBXBuildFile; fileRef = 2D1837AA1C0195C8007627F0 /* CustomTabbar.m */; };
		2D55258B1C186C0D00BF186F /* RSSItem.m in Sources */ = {isa = PBXBuildFile; fileRef = 2D5525881C186C0D00BF186F /* RSSItem.m */; };
		2D55258C1C186C0D00BF186F /* RSSParser.m in Sources */ = {isa = PBXBuildFile; fileRef = 2D55258A1C186C0D00BF186F /* RSSParser.m */; };
		2D55258F1C186C8100BF186F /* NewsViewController.m in Sources */ = {isa = PBXBuildFile; fileRef = 2D55258E1C186C8100BF186F /* NewsViewController.m */; };
		2D594CF11C2642BF006946CC /* RssNewsTableViewCell.m in Sources */ = {isa = PBXBuildFile; fileRef = 2D594CF01C2642BF006946CC /* RssNewsTableViewCell.m */; };
		2D594CF41C267749006946CC /* ResourcesViewController.m in Sources */ = {isa = PBXBuildFile; fileRef = 2D594CF31C267749006946CC /* ResourcesViewController.m */; };
		2D594CF71C2680BF006946CC /* ResourcesTableViewCell.m in Sources */ = {isa = PBXBuildFile; fileRef = 2D594CF61C2680BF006946CC /* ResourcesTableViewCell.m */; };
		2D594CFA1C269494006946CC /* ResourceDetailViewController.m in Sources */ = {isa = PBXBuildFile; fileRef = 2D594CF91C269494006946CC /* ResourceDetailViewController.m */; };
		2D594CFD1C269C84006946CC /* CustomNavigationController.m in Sources */ = {isa = PBXBuildFile; fileRef = 2D594CFC1C269C84006946CC /* CustomNavigationController.m */; };
		2D594D001C26C648006946CC /* SmartLoadMore.m in Sources */ = {isa = PBXBuildFile; fileRef = 2D594CFF1C26C648006946CC /* SmartLoadMore.m */; };
		2D5E8EB51C082DCC00BD6E82 /* InsideWebViewController.m in Sources */ = {isa = PBXBuildFile; fileRef = 2D5E8EB41C082DCC00BD6E82 /* InsideWebViewController.m */; };
		2D5E8EB71C09C93000BD6E82 /* WebKit.framework in Frameworks */ = {isa = PBXBuildFile; fileRef = 2D5E8EB61C09C93000BD6E82 /* WebKit.framework */; };
		2D5E8EBB1C0AED1900BD6E82 /* NetworkTools.m in Sources */ = {isa = PBXBuildFile; fileRef = 2D5E8EBA1C0AED1900BD6E82 /* NetworkTools.m */; };
		2D6313A91C017E4B0049942E /* main.m in Sources */ = {isa = PBXBuildFile; fileRef = 2D6313A81C017E4B0049942E /* main.m */; };
		2D6313AC1C017E4B0049942E /* AppDelegate.m in Sources */ = {isa = PBXBuildFile; fileRef = 2D6313AB1C017E4B0049942E /* AppDelegate.m */; };
		2D6313B21C017E4B0049942E /* Main.storyboard in Resources */ = {isa = PBXBuildFile; fileRef = 2D6313B01C017E4B0049942E /* Main.storyboard */; };
		2D6313B41C017E4B0049942E /* Assets.xcassets in Resources */ = {isa = PBXBuildFile; fileRef = 2D6313B31C017E4B0049942E /* Assets.xcassets */; };
		2D6926421C2E5D3A00BA3508 /* BlueAlertView.m in Sources */ = {isa = PBXBuildFile; fileRef = 2D6926411C2E5D3A00BA3508 /* BlueAlertView.m */; };
		2D6926481C2E76FF00BA3508 /* QRCodeShareActivity.m in Sources */ = {isa = PBXBuildFile; fileRef = 2D6926471C2E76FF00BA3508 /* QRCodeShareActivity.m */; };
		2D69264B1C2E84E400BA3508 /* NSString+QRCodeImage.m in Sources */ = {isa = PBXBuildFile; fileRef = 2D69264A1C2E84E400BA3508 /* NSString+QRCodeImage.m */; };
		2D69264F1C2E854100BA3508 /* QRCodeViewController.m in Sources */ = {isa = PBXBuildFile; fileRef = 2D69264D1C2E854100BA3508 /* QRCodeViewController.m */; };
		2D6926531C2E9DD700BA3508 /* InfoPlist.strings in Resources */ = {isa = PBXBuildFile; fileRef = 2D6926551C2E9DD700BA3508 /* InfoPlist.strings */; };
		2D6926581C2EA00C00BA3508 /* LaunchScreen.xib in Resources */ = {isa = PBXBuildFile; fileRef = 2D69265A1C2EA00C00BA3508 /* LaunchScreen.xib */; };
		2D69265F1C2EA08300BA3508 /* Localization.strings in Resources */ = {isa = PBXBuildFile; fileRef = 2D6926611C2EA08300BA3508 /* Localization.strings */; };
		2D6926641C2EA3C800BA3508 /* QRCodeViewController.xib in Resources */ = {isa = PBXBuildFile; fileRef = 2D6926661C2EA3C800BA3508 /* QRCodeViewController.xib */; };
		2D69268F1C33B99400BA3508 /* PassTimeCounter.m in Sources */ = {isa = PBXBuildFile; fileRef = 2D69268E1C33B99400BA3508 /* PassTimeCounter.m */; };
		2D6926951C340B9B00BA3508 /* SearchBarButtonItem.m in Sources */ = {isa = PBXBuildFile; fileRef = 2D6926941C340B9B00BA3508 /* SearchBarButtonItem.m */; };
		2DB466031C0C1E9000E2CCAF /* loading.plist in Resources */ = {isa = PBXBuildFile; fileRef = 2DB466021C0C1E9000E2CCAF /* loading.plist */; };
		2DB466061C0C214200E2CCAF /* RefreshControlTool.m in Sources */ = {isa = PBXBuildFile; fileRef = 2DB466051C0C214200E2CCAF /* RefreshControlTool.m */; };
		486733C3A624421538E4AB34 /* Pods_iOSDeveloperTraining.framework in Frameworks */ = {isa = PBXBuildFile; fileRef = 38326F6F2CE0F8D035A484CB /* Pods_iOSDeveloperTraining.framework */; };
/* End PBXBuildFile section */

/* Begin PBXFileReference section */
		1B15A283958628343F19A0C2 /* Pods-iOSDeveloperTraining.debug.xcconfig */ = {isa = PBXFileReference; includeInIndex = 1; lastKnownFileType = text.xcconfig; name = "Pods-iOSDeveloperTraining.debug.xcconfig"; path = "Pods/Target Support Files/Pods-iOSDeveloperTraining/Pods-iOSDeveloperTraining.debug.xcconfig"; sourceTree = "<group>"; };
		2D1837A91C0195C8007627F0 /* CustomTabbar.h */ = {isa = PBXFileReference; fileEncoding = 4; lastKnownFileType = sourcecode.c.h; path = CustomTabbar.h; sourceTree = "<group>"; };
		2D1837AA1C0195C8007627F0 /* CustomTabbar.m */ = {isa = PBXFileReference; fileEncoding = 4; lastKnownFileType = sourcecode.c.objc; path = CustomTabbar.m; sourceTree = "<group>"; };
		2D5525871C186C0D00BF186F /* RSSItem.h */ = {isa = PBXFileReference; fileEncoding = 4; lastKnownFileType = sourcecode.c.h; path = RSSItem.h; sourceTree = "<group>"; };
		2D5525881C186C0D00BF186F /* RSSItem.m */ = {isa = PBXFileReference; fileEncoding = 4; lastKnownFileType = sourcecode.c.objc; path = RSSItem.m; sourceTree = "<group>"; };
		2D5525891C186C0D00BF186F /* RSSParser.h */ = {isa = PBXFileReference; fileEncoding = 4; lastKnownFileType = sourcecode.c.h; path = RSSParser.h; sourceTree = "<group>"; };
		2D55258A1C186C0D00BF186F /* RSSParser.m */ = {isa = PBXFileReference; fileEncoding = 4; lastKnownFileType = sourcecode.c.objc; path = RSSParser.m; sourceTree = "<group>"; };
		2D55258D1C186C8100BF186F /* NewsViewController.h */ = {isa = PBXFileReference; fileEncoding = 4; lastKnownFileType = sourcecode.c.h; path = NewsViewController.h; sourceTree = "<group>"; };
		2D55258E1C186C8100BF186F /* NewsViewController.m */ = {isa = PBXFileReference; fileEncoding = 4; lastKnownFileType = sourcecode.c.objc; path = NewsViewController.m; sourceTree = "<group>"; };
		2D594CEF1C2642BF006946CC /* RssNewsTableViewCell.h */ = {isa = PBXFileReference; fileEncoding = 4; lastKnownFileType = sourcecode.c.h; path = RssNewsTableViewCell.h; sourceTree = "<group>"; };
		2D594CF01C2642BF006946CC /* RssNewsTableViewCell.m */ = {isa = PBXFileReference; fileEncoding = 4; lastKnownFileType = sourcecode.c.objc; path = RssNewsTableViewCell.m; sourceTree = "<group>"; };
		2D594CF21C267749006946CC /* ResourcesViewController.h */ = {isa = PBXFileReference; fileEncoding = 4; lastKnownFileType = sourcecode.c.h; path = ResourcesViewController.h; sourceTree = "<group>"; };
		2D594CF31C267749006946CC /* ResourcesViewController.m */ = {isa = PBXFileReference; fileEncoding = 4; lastKnownFileType = sourcecode.c.objc; path = ResourcesViewController.m; sourceTree = "<group>"; };
		2D594CF51C2680BF006946CC /* ResourcesTableViewCell.h */ = {isa = PBXFileReference; fileEncoding = 4; lastKnownFileType = sourcecode.c.h; path = ResourcesTableViewCell.h; sourceTree = "<group>"; };
		2D594CF61C2680BF006946CC /* ResourcesTableViewCell.m */ = {isa = PBXFileReference; fileEncoding = 4; lastKnownFileType = sourcecode.c.objc; path = ResourcesTableViewCell.m; sourceTree = "<group>"; };
		2D594CF81C269494006946CC /* ResourceDetailViewController.h */ = {isa = PBXFileReference; fileEncoding = 4; lastKnownFileType = sourcecode.c.h; path = ResourceDetailViewController.h; sourceTree = "<group>"; };
		2D594CF91C269494006946CC /* ResourceDetailViewController.m */ = {isa = PBXFileReference; fileEncoding = 4; lastKnownFileType = sourcecode.c.objc; path = ResourceDetailViewController.m; sourceTree = "<group>"; };
		2D594CFB1C269C84006946CC /* CustomNavigationController.h */ = {isa = PBXFileReference; fileEncoding = 4; lastKnownFileType = sourcecode.c.h; path = CustomNavigationController.h; sourceTree = "<group>"; };
		2D594CFC1C269C84006946CC /* CustomNavigationController.m */ = {isa = PBXFileReference; fileEncoding = 4; lastKnownFileType = sourcecode.c.objc; path = CustomNavigationController.m; sourceTree = "<group>"; };
		2D594CFE1C26C648006946CC /* SmartLoadMore.h */ = {isa = PBXFileReference; fileEncoding = 4; lastKnownFileType = sourcecode.c.h; path = SmartLoadMore.h; sourceTree = "<group>"; };
		2D594CFF1C26C648006946CC /* SmartLoadMore.m */ = {isa = PBXFileReference; fileEncoding = 4; lastKnownFileType = sourcecode.c.objc; path = SmartLoadMore.m; sourceTree = "<group>"; };
		2D5E8EB31C082DCC00BD6E82 /* InsideWebViewController.h */ = {isa = PBXFileReference; fileEncoding = 4; lastKnownFileType = sourcecode.c.h; path = InsideWebViewController.h; sourceTree = "<group>"; };
		2D5E8EB41C082DCC00BD6E82 /* InsideWebViewController.m */ = {isa = PBXFileReference; fileEncoding = 4; lastKnownFileType = sourcecode.c.objc; path = InsideWebViewController.m; sourceTree = "<group>"; };
		2D5E8EB61C09C93000BD6E82 /* WebKit.framework */ = {isa = PBXFileReference; lastKnownFileType = wrapper.framework; name = WebKit.framework; path = System/Library/Frameworks/WebKit.framework; sourceTree = SDKROOT; };
		2D5E8EB91C0AED1900BD6E82 /* NetworkTools.h */ = {isa = PBXFileReference; fileEncoding = 4; lastKnownFileType = sourcecode.c.h; path = NetworkTools.h; sourceTree = "<group>"; };
		2D5E8EBA1C0AED1900BD6E82 /* NetworkTools.m */ = {isa = PBXFileReference; fileEncoding = 4; lastKnownFileType = sourcecode.c.objc; path = NetworkTools.m; sourceTree = "<group>"; };
		2D6313A41C017E4B0049942E /* iOSDeveloperTraining.app */ = {isa = PBXFileReference; explicitFileType = wrapper.application; includeInIndex = 0; path = iOSDeveloperTraining.app; sourceTree = BUILT_PRODUCTS_DIR; };
		2D6313A81C017E4B0049942E /* main.m */ = {isa = PBXFileReference; lastKnownFileType = sourcecode.c.objc; path = main.m; sourceTree = "<group>"; };
		2D6313AA1C017E4B0049942E /* AppDelegate.h */ = {isa = PBXFileReference; lastKnownFileType = sourcecode.c.h; path = AppDelegate.h; sourceTree = "<group>"; };
		2D6313AB1C017E4B0049942E /* AppDelegate.m */ = {isa = PBXFileReference; lastKnownFileType = sourcecode.c.objc; path = AppDelegate.m; sourceTree = "<group>"; };
		2D6313B11C017E4B0049942E /* Base */ = {isa = PBXFileReference; lastKnownFileType = file.storyboard; name = Base; path = Base.lproj/Main.storyboard; sourceTree = "<group>"; };
		2D6313B31C017E4B0049942E /* Assets.xcassets */ = {isa = PBXFileReference; lastKnownFileType = folder.assetcatalog; path = Assets.xcassets; sourceTree = "<group>"; };
		2D6313B81C017E4B0049942E /* Info.plist */ = {isa = PBXFileReference; lastKnownFileType = text.plist.xml; path = Info.plist; sourceTree = "<group>"; };
		2D6926401C2E5D3A00BA3508 /* BlueAlertView.h */ = {isa = PBXFileReference; fileEncoding = 4; lastKnownFileType = sourcecode.c.h; path = BlueAlertView.h; sourceTree = "<group>"; };
		2D6926411C2E5D3A00BA3508 /* BlueAlertView.m */ = {isa = PBXFileReference; fileEncoding = 4; lastKnownFileType = sourcecode.c.objc; path = BlueAlertView.m; sourceTree = "<group>"; };
		2D6926461C2E76FF00BA3508 /* QRCodeShareActivity.h */ = {isa = PBXFileReference; fileEncoding = 4; lastKnownFileType = sourcecode.c.h; path = QRCodeShareActivity.h; sourceTree = "<group>"; };
		2D6926471C2E76FF00BA3508 /* QRCodeShareActivity.m */ = {isa = PBXFileReference; fileEncoding = 4; lastKnownFileType = sourcecode.c.objc; path = QRCodeShareActivity.m; sourceTree = "<group>"; };
		2D6926491C2E84E400BA3508 /* NSString+QRCodeImage.h */ = {isa = PBXFileReference; fileEncoding = 4; lastKnownFileType = sourcecode.c.h; path = "NSString+QRCodeImage.h"; sourceTree = "<group>"; };
		2D69264A1C2E84E400BA3508 /* NSString+QRCodeImage.m */ = {isa = PBXFileReference; fileEncoding = 4; lastKnownFileType = sourcecode.c.objc; path = "NSString+QRCodeImage.m"; sourceTree = "<group>"; };
		2D69264C1C2E854100BA3508 /* QRCodeViewController.h */ = {isa = PBXFileReference; fileEncoding = 4; lastKnownFileType = sourcecode.c.h; path = QRCodeViewController.h; sourceTree = "<group>"; };
		2D69264D1C2E854100BA3508 /* QRCodeViewController.m */ = {isa = PBXFileReference; fileEncoding = 4; lastKnownFileType = sourcecode.c.objc; path = QRCodeViewController.m; sourceTree = "<group>"; };
		2D6926541C2E9DD700BA3508 /* Base */ = {isa = PBXFileReference; lastKnownFileType = text.plist.strings; name = Base; path = Base.lproj/InfoPlist.strings; sourceTree = "<group>"; };
		2D6926561C2E9EA900BA3508 /* en */ = {isa = PBXFileReference; lastKnownFileType = text.plist.strings; name = en; path = en.lproj/Main.strings; sourceTree = "<group>"; };
		2D6926571C2E9EA900BA3508 /* en */ = {isa = PBXFileReference; lastKnownFileType = text.plist.strings; name = en; path = en.lproj/InfoPlist.strings; sourceTree = "<group>"; };
		2D6926591C2EA00C00BA3508 /* Base */ = {isa = PBXFileReference; lastKnownFileType = file.xib; name = Base; path = Base.lproj/LaunchScreen.xib; sourceTree = "<group>"; };
		2D69265C1C2EA00E00BA3508 /* en */ = {isa = PBXFileReference; lastKnownFileType = text.plist.strings; name = en; path = en.lproj/LaunchScreen.strings; sourceTree = "<group>"; };
		2D6926601C2EA08300BA3508 /* Base */ = {isa = PBXFileReference; lastKnownFileType = text.plist.strings; name = Base; path = Base.lproj/Localization.strings; sourceTree = "<group>"; };
		2D6926651C2EA3C800BA3508 /* Base */ = {isa = PBXFileReference; lastKnownFileType = file.xib; name = Base; path = Base.lproj/QRCodeViewController.xib; sourceTree = "<group>"; };
		2D6926681C2EA3CA00BA3508 /* en */ = {isa = PBXFileReference; lastKnownFileType = text.plist.strings; name = en; path = en.lproj/QRCodeViewController.strings; sourceTree = "<group>"; };
		2D6926691C2EA40900BA3508 /* en */ = {isa = PBXFileReference; lastKnownFileType = text.plist.strings; name = en; path = en.lproj/Localization.strings; sourceTree = "<group>"; };
		2D69268D1C33B99400BA3508 /* PassTimeCounter.h */ = {isa = PBXFileReference; fileEncoding = 4; lastKnownFileType = sourcecode.c.h; path = PassTimeCounter.h; sourceTree = "<group>"; };
		2D69268E1C33B99400BA3508 /* PassTimeCounter.m */ = {isa = PBXFileReference; fileEncoding = 4; lastKnownFileType = sourcecode.c.objc; path = PassTimeCounter.m; sourceTree = "<group>"; };
		2D6926931C340B9B00BA3508 /* SearchBarButtonItem.h */ = {isa = PBXFileReference; fileEncoding = 4; lastKnownFileType = sourcecode.c.h; path = SearchBarButtonItem.h; sourceTree = "<group>"; };
		2D6926941C340B9B00BA3508 /* SearchBarButtonItem.m */ = {isa = PBXFileReference; fileEncoding = 4; lastKnownFileType = sourcecode.c.objc; path = SearchBarButtonItem.m; sourceTree = "<group>"; };
		2DB466021C0C1E9000E2CCAF /* loading.plist */ = {isa = PBXFileReference; fileEncoding = 4; lastKnownFileType = text.plist.xml; path = loading.plist; sourceTree = "<group>"; };
		2DB466041C0C214200E2CCAF /* RefreshControlTool.h */ = {isa = PBXFileReference; fileEncoding = 4; lastKnownFileType = sourcecode.c.h; path = RefreshControlTool.h; sourceTree = "<group>"; };
		2DB466051C0C214200E2CCAF /* RefreshControlTool.m */ = {isa = PBXFileReference; fileEncoding = 4; lastKnownFileType = sourcecode.c.objc; path = RefreshControlTool.m; sourceTree = "<group>"; };
		38326F6F2CE0F8D035A484CB /* Pods_iOSDeveloperTraining.framework */ = {isa = PBXFileReference; explicitFileType = wrapper.framework; includeInIndex = 0; path = Pods_iOSDeveloperTraining.framework; sourceTree = BUILT_PRODUCTS_DIR; };
		64A79219F20F7182401FB014 /* Pods-iOSDeveloperTraining.release.xcconfig */ = {isa = PBXFileReference; includeInIndex = 1; lastKnownFileType = text.xcconfig; name = "Pods-iOSDeveloperTraining.release.xcconfig"; path = "Pods/Target Support Files/Pods-iOSDeveloperTraining/Pods-iOSDeveloperTraining.release.xcconfig"; sourceTree = "<group>"; };
/* End PBXFileReference section */

/* Begin PBXFrameworksBuildPhase section */
		2D6313A11C017E4B0049942E /* Frameworks */ = {
			isa = PBXFrameworksBuildPhase;
			buildActionMask = 2147483647;
			files = (
				2D5E8EB71C09C93000BD6E82 /* WebKit.framework in Frameworks */,
				486733C3A624421538E4AB34 /* Pods_iOSDeveloperTraining.framework in Frameworks */,
			);
			runOnlyForDeploymentPostprocessing = 0;
		};
/* End PBXFrameworksBuildPhase section */

/* Begin PBXGroup section */
		22AB31435779D1421E7DC942 /* Pods */ = {
			isa = PBXGroup;
			children = (
				1B15A283958628343F19A0C2 /* Pods-iOSDeveloperTraining.debug.xcconfig */,
				64A79219F20F7182401FB014 /* Pods-iOSDeveloperTraining.release.xcconfig */,
			);
			name = Pods;
			sourceTree = "<group>";
		};
		2D1837A81C019533007627F0 /* Views */ = {
			isa = PBXGroup;
			children = (
				2D69265A1C2EA00C00BA3508 /* LaunchScreen.xib */,
				2D1837A91C0195C8007627F0 /* CustomTabbar.h */,
				2D1837AA1C0195C8007627F0 /* CustomTabbar.m */,
				2D594CEF1C2642BF006946CC /* RssNewsTableViewCell.h */,
				2D594CF01C2642BF006946CC /* RssNewsTableViewCell.m */,
				2D594CF51C2680BF006946CC /* ResourcesTableViewCell.h */,
				2D594CF61C2680BF006946CC /* ResourcesTableViewCell.m */,
				2D6926931C340B9B00BA3508 /* SearchBarButtonItem.h */,
				2D6926941C340B9B00BA3508 /* SearchBarButtonItem.m */,
			);
			name = Views;
			sourceTree = "<group>";
		};
		2D5525861C186C0D00BF186F /* RSSParser */ = {
			isa = PBXGroup;
			children = (
				2D5525871C186C0D00BF186F /* RSSItem.h */,
				2D5525881C186C0D00BF186F /* RSSItem.m */,
				2D5525891C186C0D00BF186F /* RSSParser.h */,
				2D55258A1C186C0D00BF186F /* RSSParser.m */,
			);
			path = RSSParser;
			sourceTree = "<group>";
		};
		2D5E8EAF1C082BE100BD6E82 /* Controllers */ = {
			isa = PBXGroup;
			children = (
				2D5E8EB31C082DCC00BD6E82 /* InsideWebViewController.h */,
				2D5E8EB41C082DCC00BD6E82 /* InsideWebViewController.m */,
				2D55258D1C186C8100BF186F /* NewsViewController.h */,
				2D55258E1C186C8100BF186F /* NewsViewController.m */,
				2D594CF21C267749006946CC /* ResourcesViewController.h */,
				2D594CF31C267749006946CC /* ResourcesViewController.m */,
				2D594CF81C269494006946CC /* ResourceDetailViewController.h */,
				2D594CF91C269494006946CC /* ResourceDetailViewController.m */,
				2D594CFB1C269C84006946CC /* CustomNavigationController.h */,
				2D594CFC1C269C84006946CC /* CustomNavigationController.m */,
				2D69264C1C2E854100BA3508 /* QRCodeViewController.h */,
				2D69264D1C2E854100BA3508 /* QRCodeViewController.m */,
				2D6926661C2EA3C800BA3508 /* QRCodeViewController.xib */,
			);
			name = Controllers;
			sourceTree = "<group>";
		};
		2D5E8EB81C0AECC800BD6E82 /* ToolKits */ = {
			isa = PBXGroup;
			children = (
				2D5525861C186C0D00BF186F /* RSSParser */,
				2D5E8EB91C0AED1900BD6E82 /* NetworkTools.h */,
				2D5E8EBA1C0AED1900BD6E82 /* NetworkTools.m */,
				2DB466041C0C214200E2CCAF /* RefreshControlTool.h */,
				2DB466051C0C214200E2CCAF /* RefreshControlTool.m */,
				2D594CFE1C26C648006946CC /* SmartLoadMore.h */,
				2D594CFF1C26C648006946CC /* SmartLoadMore.m */,
				2D6926401C2E5D3A00BA3508 /* BlueAlertView.h */,
				2D6926411C2E5D3A00BA3508 /* BlueAlertView.m */,
				2D6926461C2E76FF00BA3508 /* QRCodeShareActivity.h */,
				2D6926471C2E76FF00BA3508 /* QRCodeShareActivity.m */,
				2D6926491C2E84E400BA3508 /* NSString+QRCodeImage.h */,
				2D69264A1C2E84E400BA3508 /* NSString+QRCodeImage.m */,
				2D69268D1C33B99400BA3508 /* PassTimeCounter.h */,
				2D69268E1C33B99400BA3508 /* PassTimeCounter.m */,
			);
			name = ToolKits;
			sourceTree = "<group>";
		};
		2D63139B1C017E4B0049942E = {
			isa = PBXGroup;
			children = (
				2D6313A61C017E4B0049942E /* iOSDeveloperTraining */,
				2D6313A51C017E4B0049942E /* Products */,
				22AB31435779D1421E7DC942 /* Pods */,
				731FAEE26C619B3B63F97CA8 /* Frameworks */,
			);
			sourceTree = "<group>";
		};
		2D6313A51C017E4B0049942E /* Products */ = {
			isa = PBXGroup;
			children = (
				2D6313A41C017E4B0049942E /* iOSDeveloperTraining.app */,
			);
			name = Products;
			sourceTree = "<group>";
		};
		2D6313A61C017E4B0049942E /* iOSDeveloperTraining */ = {
			isa = PBXGroup;
			children = (
				2D5E8EB81C0AECC800BD6E82 /* ToolKits */,
				2D5E8EAF1C082BE100BD6E82 /* Controllers */,
				2D1837A81C019533007627F0 /* Views */,
				2D6313AA1C017E4B0049942E /* AppDelegate.h */,
				2D6313AB1C017E4B0049942E /* AppDelegate.m */,
				2D6313B01C017E4B0049942E /* Main.storyboard */,
				2D6313B31C017E4B0049942E /* Assets.xcassets */,
				2D6313A71C017E4B0049942E /* Supporting Files */,
			);
			path = iOSDeveloperTraining;
			sourceTree = "<group>";
		};
		2D6313A71C017E4B0049942E /* Supporting Files */ = {
			isa = PBXGroup;
			children = (
				2DB466021C0C1E9000E2CCAF /* loading.plist */,
				2D6313B81C017E4B0049942E /* Info.plist */,
				2D6313A81C017E4B0049942E /* main.m */,
				2D6926551C2E9DD700BA3508 /* InfoPlist.strings */,
				2D6926611C2EA08300BA3508 /* Localization.strings */,
			);
			name = "Supporting Files";
			sourceTree = "<group>";
		};
		731FAEE26C619B3B63F97CA8 /* Frameworks */ = {
			isa = PBXGroup;
			children = (
				2D5E8EB61C09C93000BD6E82 /* WebKit.framework */,
				38326F6F2CE0F8D035A484CB /* Pods_iOSDeveloperTraining.framework */,
			);
			name = Frameworks;
			sourceTree = "<group>";
		};
/* End PBXGroup section */

/* Begin PBXNativeTarget section */
		2D6313A31C017E4B0049942E /* iOSDeveloperTraining */ = {
			isa = PBXNativeTarget;
			buildConfigurationList = 2D6313BB1C017E4B0049942E /* Build configuration list for PBXNativeTarget "iOSDeveloperTraining" */;
			buildPhases = (
				A2BCD67D4E360AA1CCFB06DE /* Check Pods Manifest.lock */,
				2D6313A01C017E4B0049942E /* Sources */,
				2D6313A11C017E4B0049942E /* Frameworks */,
				2D6313A21C017E4B0049942E /* Resources */,
				02E6E0D34ACF1524166B9270 /* Embed Pods Frameworks */,
				AB996E4B590F3E31200889AD /* Copy Pods Resources */,
			);
			buildRules = (
			);
			dependencies = (
			);
			name = iOSDeveloperTraining;
			productName = iOSDeveloperTraining;
			productReference = 2D6313A41C017E4B0049942E /* iOSDeveloperTraining.app */;
			productType = "com.apple.product-type.application";
		};
/* End PBXNativeTarget section */

/* Begin PBXProject section */
		2D63139C1C017E4B0049942E /* Project object */ = {
			isa = PBXProject;
			attributes = {
				LastUpgradeCheck = 0710;
				ORGANIZATIONNAME = wangbo;
				TargetAttributes = {
					2D6313A31C017E4B0049942E = {
						CreatedOnToolsVersion = 7.1.1;
						DevelopmentTeam = YBP8B42MT7;
					};
				};
			};
			buildConfigurationList = 2D63139F1C017E4B0049942E /* Build configuration list for PBXProject "iOSDeveloperTraining" */;
			compatibilityVersion = "Xcode 3.2";
			developmentRegion = English;
			hasScannedForEncodings = 0;
			knownRegions = (
				Base,
				en,
			);
			mainGroup = 2D63139B1C017E4B0049942E;
			productRefGroup = 2D6313A51C017E4B0049942E /* Products */;
			projectDirPath = "";
			projectRoot = "";
			targets = (
				2D6313A31C017E4B0049942E /* iOSDeveloperTraining */,
			);
		};
/* End PBXProject section */

/* Begin PBXResourcesBuildPhase section */
		2D6313A21C017E4B0049942E /* Resources */ = {
			isa = PBXResourcesBuildPhase;
			buildActionMask = 2147483647;
			files = (
				2DB466031C0C1E9000E2CCAF /* loading.plist in Resources */,
				2D6926531C2E9DD700BA3508 /* InfoPlist.strings in Resources */,
				2D69265F1C2EA08300BA3508 /* Localization.strings in Resources */,
				2D6313B41C017E4B0049942E /* Assets.xcassets in Resources */,
				2D6926581C2EA00C00BA3508 /* LaunchScreen.xib in Resources */,
				2D6313B21C017E4B0049942E /* Main.storyboard in Resources */,
				2D6926641C2EA3C800BA3508 /* QRCodeViewController.xib in Resources */,
			);
			runOnlyForDeploymentPostprocessing = 0;
		};
/* End PBXResourcesBuildPhase section */

/* Begin PBXShellScriptBuildPhase section */
		02E6E0D34ACF1524166B9270 /* Embed Pods Frameworks */ = {
			isa = PBXShellScriptBuildPhase;
			buildActionMask = 2147483647;
			files = (
			);
			inputPaths = (
			);
			name = "Embed Pods Frameworks";
			outputPaths = (
			);
			runOnlyForDeploymentPostprocessing = 0;
			shellPath = /bin/sh;
			shellScript = "\"${SRCROOT}/Pods/Target Support Files/Pods-iOSDeveloperTraining/Pods-iOSDeveloperTraining-frameworks.sh\"\n";
			showEnvVarsInLog = 0;
		};
		A2BCD67D4E360AA1CCFB06DE /* Check Pods Manifest.lock */ = {
			isa = PBXShellScriptBuildPhase;
			buildActionMask = 2147483647;
			files = (
			);
			inputPaths = (
			);
			name = "Check Pods Manifest.lock";
			outputPaths = (
			);
			runOnlyForDeploymentPostprocessing = 0;
			shellPath = /bin/sh;
			shellScript = "diff \"${PODS_ROOT}/../Podfile.lock\" \"${PODS_ROOT}/Manifest.lock\" > /dev/null\nif [[ $? != 0 ]] ; then\n    cat << EOM\nerror: The sandbox is not in sync with the Podfile.lock. Run 'pod install' or update your CocoaPods installation.\nEOM\n    exit 1\nfi\n";
			showEnvVarsInLog = 0;
		};
		AB996E4B590F3E31200889AD /* Copy Pods Resources */ = {
			isa = PBXShellScriptBuildPhase;
			buildActionMask = 2147483647;
			files = (
			);
			inputPaths = (
			);
			name = "Copy Pods Resources";
			outputPaths = (
			);
			runOnlyForDeploymentPostprocessing = 0;
			shellPath = /bin/sh;
			shellScript = "\"${SRCROOT}/Pods/Target Support Files/Pods-iOSDeveloperTraining/Pods-iOSDeveloperTraining-resources.sh\"\n";
			showEnvVarsInLog = 0;
		};
/* End PBXShellScriptBuildPhase section */

/* Begin PBXSourcesBuildPhase section */
		2D6313A01C017E4B0049942E /* Sources */ = {
			isa = PBXSourcesBuildPhase;
			buildActionMask = 2147483647;
			files = (
				2D594CF71C2680BF006946CC /* ResourcesTableViewCell.m in Sources */,
				2D594CFD1C269C84006946CC /* CustomNavigationController.m in Sources */,
				2D594CFA1C269494006946CC /* ResourceDetailViewController.m in Sources */,
				2D5E8EBB1C0AED1900BD6E82 /* NetworkTools.m in Sources */,
				2D5E8EB51C082DCC00BD6E82 /* InsideWebViewController.m in Sources */,
				2D6926421C2E5D3A00BA3508 /* BlueAlertView.m in Sources */,
				2D594CF11C2642BF006946CC /* RssNewsTableViewCell.m in Sources */,
				2D1837AB1C0195C8007627F0 /* CustomTabbar.m in Sources */,
				2D55258B1C186C0D00BF186F /* RSSItem.m in Sources */,
				2D6313AC1C017E4B0049942E /* AppDelegate.m in Sources */,
				2D6926951C340B9B00BA3508 /* SearchBarButtonItem.m in Sources */,
				2D594CF41C267749006946CC /* ResourcesViewController.m in Sources */,
				2D69264F1C2E854100BA3508 /* QRCodeViewController.m in Sources */,
				2D6313A91C017E4B0049942E /* main.m in Sources */,
				2D55258F1C186C8100BF186F /* NewsViewController.m in Sources */,
				2D55258C1C186C0D00BF186F /* RSSParser.m in Sources */,
				2D6926481C2E76FF00BA3508 /* QRCodeShareActivity.m in Sources */,
				2D69264B1C2E84E400BA3508 /* NSString+QRCodeImage.m in Sources */,
				2DB466061C0C214200E2CCAF /* RefreshControlTool.m in Sources */,
				2D69268F1C33B99400BA3508 /* PassTimeCounter.m in Sources */,
				2D594D001C26C648006946CC /* SmartLoadMore.m in Sources */,
			);
			runOnlyForDeploymentPostprocessing = 0;
		};
/* End PBXSourcesBuildPhase section */

/* Begin PBXVariantGroup section */
		2D6313B01C017E4B0049942E /* Main.storyboard */ = {
			isa = PBXVariantGroup;
			children = (
				2D6313B11C017E4B0049942E /* Base */,
				2D6926561C2E9EA900BA3508 /* en */,
			);
			name = Main.storyboard;
			sourceTree = "<group>";
		};
		2D6926551C2E9DD700BA3508 /* InfoPlist.strings */ = {
			isa = PBXVariantGroup;
			children = (
				2D6926541C2E9DD700BA3508 /* Base */,
				2D6926571C2E9EA900BA3508 /* en */,
			);
			name = InfoPlist.strings;
			sourceTree = "<group>";
		};
		2D69265A1C2EA00C00BA3508 /* LaunchScreen.xib */ = {
			isa = PBXVariantGroup;
			children = (
				2D6926591C2EA00C00BA3508 /* Base */,
				2D69265C1C2EA00E00BA3508 /* en */,
			);
			name = LaunchScreen.xib;
			sourceTree = "<group>";
		};
		2D6926611C2EA08300BA3508 /* Localization.strings */ = {
			isa = PBXVariantGroup;
			children = (
				2D6926601C2EA08300BA3508 /* Base */,
				2D6926691C2EA40900BA3508 /* en */,
			);
			name = Localization.strings;
			sourceTree = "<group>";
		};
		2D6926661C2EA3C800BA3508 /* QRCodeViewController.xib */ = {
			isa = PBXVariantGroup;
			children = (
				2D6926651C2EA3C800BA3508 /* Base */,
				2D6926681C2EA3CA00BA3508 /* en */,
			);
			name = QRCodeViewController.xib;
			sourceTree = "<group>";
		};
/* End PBXVariantGroup section */

/* Begin XCBuildConfiguration section */
		2D6313B91C017E4B0049942E /* Debug */ = {
			isa = XCBuildConfiguration;
			buildSettings = {
				ALWAYS_SEARCH_USER_PATHS = NO;
				CLANG_CXX_LANGUAGE_STANDARD = "gnu++0x";
				CLANG_CXX_LIBRARY = "libc++";
				CLANG_ENABLE_MODULES = YES;
				CLANG_ENABLE_OBJC_ARC = YES;
				CLANG_WARN_BOOL_CONVERSION = YES;
				CLANG_WARN_CONSTANT_CONVERSION = YES;
				CLANG_WARN_DIRECT_OBJC_ISA_USAGE = YES_ERROR;
				CLANG_WARN_EMPTY_BODY = YES;
				CLANG_WARN_ENUM_CONVERSION = YES;
				CLANG_WARN_INT_CONVERSION = YES;
				CLANG_WARN_OBJC_ROOT_CLASS = YES_ERROR;
				CLANG_WARN_UNREACHABLE_CODE = YES;
				CLANG_WARN__DUPLICATE_METHOD_MATCH = YES;
				"CODE_SIGN_IDENTITY[sdk=iphoneos*]" = "iPhone Developer";
				COPY_PHASE_STRIP = NO;
				DEBUG_INFORMATION_FORMAT = dwarf;
				ENABLE_STRICT_OBJC_MSGSEND = YES;
				ENABLE_TESTABILITY = YES;
				GCC_C_LANGUAGE_STANDARD = gnu99;
				GCC_DYNAMIC_NO_PIC = NO;
				GCC_NO_COMMON_BLOCKS = YES;
				GCC_OPTIMIZATION_LEVEL = 0;
				GCC_PREPROCESSOR_DEFINITIONS = (
					"DEBUG=1",
					"$(inherited)",
				);
				GCC_WARN_64_TO_32_BIT_CONVERSION = YES;
				GCC_WARN_ABOUT_RETURN_TYPE = YES_ERROR;
				GCC_WARN_UNDECLARED_SELECTOR = YES;
				GCC_WARN_UNINITIALIZED_AUTOS = YES_AGGRESSIVE;
				GCC_WARN_UNUSED_FUNCTION = YES;
				GCC_WARN_UNUSED_VARIABLE = YES;
				IPHONEOS_DEPLOYMENT_TARGET = 8.0;
				MTL_ENABLE_DEBUG_INFO = YES;
				ONLY_ACTIVE_ARCH = YES;
				SDKROOT = iphoneos;
			};
			name = Debug;
		};
		2D6313BA1C017E4B0049942E /* Release */ = {
			isa = XCBuildConfiguration;
			buildSettings = {
				ALWAYS_SEARCH_USER_PATHS = NO;
				CLANG_CXX_LANGUAGE_STANDARD = "gnu++0x";
				CLANG_CXX_LIBRARY = "libc++";
				CLANG_ENABLE_MODULES = YES;
				CLANG_ENABLE_OBJC_ARC = YES;
				CLANG_WARN_BOOL_CONVERSION = YES;
				CLANG_WARN_CONSTANT_CONVERSION = YES;
				CLANG_WARN_DIRECT_OBJC_ISA_USAGE = YES_ERROR;
				CLANG_WARN_EMPTY_BODY = YES;
				CLANG_WARN_ENUM_CONVERSION = YES;
				CLANG_WARN_INT_CONVERSION = YES;
				CLANG_WARN_OBJC_ROOT_CLASS = YES_ERROR;
				CLANG_WARN_UNREACHABLE_CODE = YES;
				CLANG_WARN__DUPLICATE_METHOD_MATCH = YES;
				"CODE_SIGN_IDENTITY[sdk=iphoneos*]" = "iPhone Developer";
				COPY_PHASE_STRIP = NO;
				DEBUG_INFORMATION_FORMAT = "dwarf-with-dsym";
				ENABLE_NS_ASSERTIONS = NO;
				ENABLE_STRICT_OBJC_MSGSEND = YES;
				GCC_C_LANGUAGE_STANDARD = gnu99;
				GCC_NO_COMMON_BLOCKS = YES;
				GCC_WARN_64_TO_32_BIT_CONVERSION = YES;
				GCC_WARN_ABOUT_RETURN_TYPE = YES_ERROR;
				GCC_WARN_UNDECLARED_SELECTOR = YES;
				GCC_WARN_UNINITIALIZED_AUTOS = YES_AGGRESSIVE;
				GCC_WARN_UNUSED_FUNCTION = YES;
				GCC_WARN_UNUSED_VARIABLE = YES;
				IPHONEOS_DEPLOYMENT_TARGET = 8.0;
				MTL_ENABLE_DEBUG_INFO = NO;
				SDKROOT = iphoneos;
				VALIDATE_PRODUCT = YES;
			};
			name = Release;
		};
		2D6313BC1C017E4B0049942E /* Debug */ = {
			isa = XCBuildConfiguration;
			baseConfigurationReference = 1B15A283958628343F19A0C2 /* Pods-iOSDeveloperTraining.debug.xcconfig */;
			buildSettings = {
				ASSETCATALOG_COMPILER_APPICON_NAME = AppIcon;
				CODE_SIGN_IDENTITY = "iPhone Developer";
				INFOPLIST_FILE = iOSDeveloperTraining/Info.plist;
				IPHONEOS_DEPLOYMENT_TARGET = 8.0;
				LD_RUNPATH_SEARCH_PATHS = "$(inherited) @executable_path/Frameworks";
				PRODUCT_BUNDLE_IDENTIFIER = com.swkits.iOSDeveloperTraining;
				PRODUCT_NAME = "$(TARGET_NAME)";
				USER_HEADER_SEARCH_PATHS = "$(SRCROOT)/**";
			};
			name = Debug;
		};
		2D6313BD1C017E4B0049942E /* Release */ = {
			isa = XCBuildConfiguration;
			baseConfigurationReference = 64A79219F20F7182401FB014 /* Pods-iOSDeveloperTraining.release.xcconfig */;
			buildSettings = {
				ASSETCATALOG_COMPILER_APPICON_NAME = AppIcon;
				CODE_SIGN_IDENTITY = "iPhone Developer";
				INFOPLIST_FILE = iOSDeveloperTraining/Info.plist;
				IPHONEOS_DEPLOYMENT_TARGET = 8.0;
				LD_RUNPATH_SEARCH_PATHS = "$(inherited) @executable_path/Frameworks";
				PRODUCT_BUNDLE_IDENTIFIER = com.swkits.iOSDeveloperTraining;
				PRODUCT_NAME = "$(TARGET_NAME)";
				USER_HEADER_SEARCH_PATHS = "$(SRCROOT)/**";
			};
			name = Release;
		};
/* End XCBuildConfiguration section */

/* Begin XCConfigurationList section */
		2D63139F1C017E4B0049942E /* Build configuration list for PBXProject "iOSDeveloperTraining" */ = {
			isa = XCConfigurationList;
			buildConfigurations = (
				2D6313B91C017E4B0049942E /* Debug */,
				2D6313BA1C017E4B0049942E /* Release */,
			);
			defaultConfigurationIsVisible = 0;
			defaultConfigurationName = Release;
		};
		2D6313BB1C017E4B0049942E /* Build configuration list for PBXNativeTarget "iOSDeveloperTraining" */ = {
			isa = XCConfigurationList;
			buildConfigurations = (
				2D6313BC1C017E4B0049942E /* Debug */,
				2D6313BD1C017E4B0049942E /* Release */,
			);
			defaultConfigurationIsVisible = 0;
			defaultConfigurationName = Release;
		};
/* End XCConfigurationList section */
	};
	rootObject = 2D63139C1C017E4B0049942E /* Project object */;
}
